
Microsoft Visual Studio Solution File, Format Version 12.00
# Visual Studio Version 17
VisualStudioVersion = 17.0.31903.59
MinimumVisualStudioVersion = 10.0.40219.1
Project("{2150E333-8FDC-42A3-9474-1A3956D46DE8}") = "src", "src", "{D4182CFD-CE63-4402-A88E-82F19E554C82}"
EndProject
Project("{FAE04EC0-301F-11D3-BF4B-00C04F79EFBC}") = "BlazorTemplate.Application", "src\BlazorTemplate.Application\BlazorTemplate.Application.csproj", "{65E659BE-4835-4D2C-9A45-74E84A6262B8}"
EndProject
Project("{FAE04EC0-301F-11D3-BF4B-00C04F79EFBC}") = "BlazorTemplate.Domain", "src\BlazorTemplate.Domain\BlazorTemplate.Domain.csproj", "{8E443BA2-9AE9-4E56-8B8B-FBBF5ADE225D}"
EndProject
Project("{FAE04EC0-301F-11D3-BF4B-00C04F79EFBC}") = "BlazorTemplate.Infrastructure", "src\BlazorTemplate.Infrastructure\BlazorTemplate.Infrastructure.csproj", "{3C639ECE-D492-4E38-8B5D-4415C3F8A8F1}"
EndProject
Project("{FAE04EC0-301F-11D3-BF4B-00C04F79EFBC}") = "BlazorTemplate.Server", "src\BlazorTemplate.Server\BlazorTemplate.Server.csproj", "{D676C802-69D2-414D-B444-78C5E1D79EFD}"
EndProject
Project("{FAE04EC0-301F-11D3-BF4B-00C04F79EFBC}") = "BlazorTemplate.UserInterface", "src\BlazorTemplate.UserInterface\BlazorTemplate.UserInterface.csproj", "{0181B760-1FBB-4129-97A9-405C183A0DC7}"
EndProject
Global
	GlobalSection(SolutionConfigurationPlatforms) = preSolution
		Debug|Any CPU = Debug|Any CPU
		Release|Any CPU = Release|Any CPU
	EndGlobalSection
	GlobalSection(SolutionProperties) = preSolution
		HideSolutionNode = FALSE
	EndGlobalSection
	GlobalSection(ProjectConfigurationPlatforms) = postSolution
		{65E659BE-4835-4D2C-9A45-74E84A6262B8}.Debug|Any CPU.ActiveCfg = Debug|Any CPU
		{65E659BE-4835-4D2C-9A45-74E84A6262B8}.Debug|Any CPU.Build.0 = Debug|Any CPU
		{65E659BE-4835-4D2C-9A45-74E84A6262B8}.Release|Any CPU.ActiveCfg = Release|Any CPU
		{65E659BE-4835-4D2C-9A45-74E84A6262B8}.Release|Any CPU.Build.0 = Release|Any CPU
		{8E443BA2-9AE9-4E56-8B8B-FBBF5ADE225D}.Debug|Any CPU.ActiveCfg = Debug|Any CPU
		{8E443BA2-9AE9-4E56-8B8B-FBBF5ADE225D}.Debug|Any CPU.Build.0 = Debug|Any CPU
		{8E443BA2-9AE9-4E56-8B8B-FBBF5ADE225D}.Release|Any CPU.ActiveCfg = Release|Any CPU
		{8E443BA2-9AE9-4E56-8B8B-FBBF5ADE225D}.Release|Any CPU.Build.0 = Release|Any CPU
		{3C639ECE-D492-4E38-8B5D-4415C3F8A8F1}.Debug|Any CPU.ActiveCfg = Debug|Any CPU
		{3C639ECE-D492-4E38-8B5D-4415C3F8A8F1}.Debug|Any CPU.Build.0 = Debug|Any CPU
		{3C639ECE-D492-4E38-8B5D-4415C3F8A8F1}.Release|Any CPU.ActiveCfg = Release|Any CPU
		{3C639ECE-D492-4E38-8B5D-4415C3F8A8F1}.Release|Any CPU.Build.0 = Release|Any CPU
		{D676C802-69D2-414D-B444-78C5E1D79EFD}.Debug|Any CPU.ActiveCfg = Debug|Any CPU
		{D676C802-69D2-414D-B444-78C5E1D79EFD}.Debug|Any CPU.Build.0 = Debug|Any CPU
		{D676C802-69D2-414D-B444-78C5E1D79EFD}.Release|Any CPU.ActiveCfg = Release|Any CPU
		{D676C802-69D2-414D-B444-78C5E1D79EFD}.Release|Any CPU.Build.0 = Release|Any CPU
		{0181B760-1FBB-4129-97A9-405C183A0DC7}.Debug|Any CPU.ActiveCfg = Debug|Any CPU
		{0181B760-1FBB-4129-97A9-405C183A0DC7}.Debug|Any CPU.Build.0 = Debug|Any CPU
		{0181B760-1FBB-4129-97A9-405C183A0DC7}.Release|Any CPU.ActiveCfg = Release|Any CPU
		{0181B760-1FBB-4129-97A9-405C183A0DC7}.Release|Any CPU.Build.0 = Release|Any CPU
	EndGlobalSection
	GlobalSection(NestedProjects) = preSolution
		{65E659BE-4835-4D2C-9A45-74E84A6262B8} = {D4182CFD-CE63-4402-A88E-82F19E554C82}
		{8E443BA2-9AE9-4E56-8B8B-FBBF5ADE225D} = {D4182CFD-CE63-4402-A88E-82F19E554C82}
		{3C639ECE-D492-4E38-8B5D-4415C3F8A8F1} = {D4182CFD-CE63-4402-A88E-82F19E554C82}
		{D676C802-69D2-414D-B444-78C5E1D79EFD} = {D4182CFD-CE63-4402-A88E-82F19E554C82}
		{0181B760-1FBB-4129-97A9-405C183A0DC7} = {D4182CFD-CE63-4402-A88E-82F19E554C82}
	EndGlobalSection
EndGlobal
